
Microsoft Visual Studio Solution File, Format Version 12.00
# Visual Studio Version 16
VisualStudioVersion = 16.0.31205.134
MinimumVisualStudioVersion = 10.0.40219.1
Project("{FAE04EC0-301F-11D3-BF4B-00C04F79EFBC}") = "RangeReader", "RangeReaderProgram\RangeReader.csproj", "{1EC8C173-7D28-4099-B393-0C1D167F84E6}"
EndProject
Global
	GlobalSection(SolutionConfigurationPlatforms) = preSolution
		Debug|Any CPU = Debug|Any CPU
		Release|Any CPU = Release|Any CPU
	EndGlobalSection
	GlobalSection(ProjectConfigurationPlatforms) = postSolution
		{1EC8C173-7D28-4099-B393-0C1D167F84E6}.Debug|Any CPU.ActiveCfg = Debug|Any CPU
		{1EC8C173-7D28-4099-B393-0C1D167F84E6}.Debug|Any CPU.Build.0 = Debug|Any CPU
		{1EC8C173-7D28-4099-B393-0C1D167F84E6}.Release|Any CPU.ActiveCfg = Release|Any CPU
		{1EC8C173-7D28-4099-B393-0C1D167F84E6}.Release|Any CPU.Build.0 = Release|Any CPU
	EndGlobalSection
	GlobalSection(SolutionProperties) = preSolution
		HideSolutionNode = FALSE
	EndGlobalSection
	GlobalSection(ExtensibilityGlobals) = postSolution
		SolutionGuid = {437628B1-0D88-45DA-95A4-A8B5CF2805DB}
	EndGlobalSection
EndGlobal
